
Microsoft Visual Studio Solution File, Format Version 12.00
# Visual Studio Version 17
VisualStudioVersion = 17.2.32630.192
MinimumVisualStudioVersion = 10.0.40219.1
Project("{9A19103F-16F7-4668-BE54-9A1E7A4F7556}") = "R5T.F0079", "R5T.F0079\R5T.F0079.csproj", "{72FA2E51-51CD-49C3-BE5C-C5EEC8D047CD}"
EndProject
Project("{2150E333-8FDC-42A3-9474-1A3956D46DE8}") = "_Dependencies", "_Dependencies", "{9AB8E85B-7FDD-4B4B-A262-9FAF414F80A0}"
EndProject
Project("{9A19103F-16F7-4668-BE54-9A1E7A4F7556}") = "R5T.F0000", "..\..\R5T.F0000\source\R5T.F0000\R5T.F0000.csproj", "{291B8524-D7B5-4C25-9E86-F317F46DA767}"
EndProject
Project("{9A19103F-16F7-4668-BE54-9A1E7A4F7556}") = "R5T.F0078", "..\..\R5T.F0078\source\R5T.F0078\R5T.F0078.csproj", "{B1EF9014-C378-4BF9-9C39-AE19CAAA94D9}"
EndProject
Project("{9A19103F-16F7-4668-BE54-9A1E7A4F7556}") = "R5T.L0053", "..\..\R5T.L0053\source\R5T.L0053\R5T.L0053.csproj", "{AA1C15D9-E75F-4BF0-8084-E4591ADCECC1}"
EndProject
Project("{9A19103F-16F7-4668-BE54-9A1E7A4F7556}") = "R5T.NG0009", "..\..\R5T.NG0009\source\R5T.NG0009\R5T.NG0009.csproj", "{C0AEFCA2-349D-4F92-8D63-C8BBDFCEC42E}"
EndProject
Project("{9A19103F-16F7-4668-BE54-9A1E7A4F7556}") = "R5T.NG0014", "..\..\R5T.NG0014\source\R5T.NG0014\R5T.NG0014.csproj", "{362A02D6-4C1B-4C13-A437-3B1E199152AF}"
EndProject
Project("{9A19103F-16F7-4668-BE54-9A1E7A4F7556}") = "R5T.T0131", "..\..\R5T.T0131\source\R5T.T0131\R5T.T0131.csproj", "{2B5CD270-920F-4BDA-BB3C-1D39E0CA0E91}"
EndProject
Project("{9A19103F-16F7-4668-BE54-9A1E7A4F7556}") = "R5T.T0132", "..\..\R5T.T0132\source\R5T.T0132\R5T.T0132.csproj", "{12BA4176-7A7C-4BBC-A571-03DEF65F9E7C}"
EndProject
Project("{9A19103F-16F7-4668-BE54-9A1E7A4F7556}") = "R5T.T0142", "..\..\R5T.T0142\source\R5T.T0142\R5T.T0142.csproj", "{005D19DF-04D0-40F4-B32B-338213AF6A72}"
EndProject
Project("{9A19103F-16F7-4668-BE54-9A1E7A4F7556}") = "R5T.T0143", "..\..\R5T.T0143\source\R5T.T0143\R5T.T0143.csproj", "{11285CD6-0342-4E43-80FE-5369DD999341}"
EndProject
Project("{9A19103F-16F7-4668-BE54-9A1E7A4F7556}") = "R5T.T0156", "..\..\R5T.T0156\source\R5T.T0156\R5T.T0156.csproj", "{6F5749F7-64D7-48B1-A324-1F7FDB754D45}"
EndProject
Project("{9A19103F-16F7-4668-BE54-9A1E7A4F7556}") = "R5T.Y0000", "..\..\R5T.Y0000\source\R5T.Y0000\R5T.Y0000.csproj", "{4C752154-C8A2-4CCB-AD91-CF1317747744}"
EndProject
Project("{9A19103F-16F7-4668-BE54-9A1E7A4F7556}") = "R5T.Z0000", "..\..\R5T.Z0000\source\R5T.Z0000\R5T.Z0000.csproj", "{22F47731-172E-47FF-8D2C-F6C4AF0E5F25}"
EndProject
Project("{9A19103F-16F7-4668-BE54-9A1E7A4F7556}") = "R5T.Z0010.Platform", "..\..\R5T.Z0010\source\R5T.Z0010.Platform\R5T.Z0010.Platform.csproj", "{D195D3A9-D1EB-415C-9F12-C6FFA3C941D7}"
EndProject
Global
	GlobalSection(NestedProjects) = preSolution
		{291B8524-D7B5-4C25-9E86-F317F46DA767} = {9AB8E85B-7FDD-4B4B-A262-9FAF414F80A0}
		{B1EF9014-C378-4BF9-9C39-AE19CAAA94D9} = {9AB8E85B-7FDD-4B4B-A262-9FAF414F80A0}
		{AA1C15D9-E75F-4BF0-8084-E4591ADCECC1} = {9AB8E85B-7FDD-4B4B-A262-9FAF414F80A0}
		{C0AEFCA2-349D-4F92-8D63-C8BBDFCEC42E} = {9AB8E85B-7FDD-4B4B-A262-9FAF414F80A0}
		{362A02D6-4C1B-4C13-A437-3B1E199152AF} = {9AB8E85B-7FDD-4B4B-A262-9FAF414F80A0}
		{2B5CD270-920F-4BDA-BB3C-1D39E0CA0E91} = {9AB8E85B-7FDD-4B4B-A262-9FAF414F80A0}
		{12BA4176-7A7C-4BBC-A571-03DEF65F9E7C} = {9AB8E85B-7FDD-4B4B-A262-9FAF414F80A0}
		{005D19DF-04D0-40F4-B32B-338213AF6A72} = {9AB8E85B-7FDD-4B4B-A262-9FAF414F80A0}
		{11285CD6-0342-4E43-80FE-5369DD999341} = {9AB8E85B-7FDD-4B4B-A262-9FAF414F80A0}
		{6F5749F7-64D7-48B1-A324-1F7FDB754D45} = {9AB8E85B-7FDD-4B4B-A262-9FAF414F80A0}
		{4C752154-C8A2-4CCB-AD91-CF1317747744} = {9AB8E85B-7FDD-4B4B-A262-9FAF414F80A0}
		{22F47731-172E-47FF-8D2C-F6C4AF0E5F25} = {9AB8E85B-7FDD-4B4B-A262-9FAF414F80A0}
		{D195D3A9-D1EB-415C-9F12-C6FFA3C941D7} = {9AB8E85B-7FDD-4B4B-A262-9FAF414F80A0}
	EndGlobalSection
	GlobalSection(SolutionConfigurationPlatforms) = preSolution
		Debug|Any CPU = Debug|Any CPU
		Release|Any CPU = Release|Any CPU
	EndGlobalSection
	GlobalSection(ProjectConfigurationPlatforms) = postSolution
		{72FA2E51-51CD-49C3-BE5C-C5EEC8D047CD}.Debug|Any CPU.ActiveCfg = Debug|Any CPU
		{72FA2E51-51CD-49C3-BE5C-C5EEC8D047CD}.Debug|Any CPU.Build.0 = Debug|Any CPU
		{72FA2E51-51CD-49C3-BE5C-C5EEC8D047CD}.Release|Any CPU.ActiveCfg = Release|Any CPU
		{72FA2E51-51CD-49C3-BE5C-C5EEC8D047CD}.Release|Any CPU.Build.0 = Release|Any CPU
		{291B8524-D7B5-4C25-9E86-F317F46DA767}.Debug|Any CPU.ActiveCfg = Debug|Any CPU
		{291B8524-D7B5-4C25-9E86-F317F46DA767}.Debug|Any CPU.Build.0 = Debug|Any CPU
		{291B8524-D7B5-4C25-9E86-F317F46DA767}.Release|Any CPU.ActiveCfg = Release|Any CPU
		{291B8524-D7B5-4C25-9E86-F317F46DA767}.Release|Any CPU.Build.0 = Release|Any CPU
		{B1EF9014-C378-4BF9-9C39-AE19CAAA94D9}.Debug|Any CPU.ActiveCfg = Debug|Any CPU
		{B1EF9014-C378-4BF9-9C39-AE19CAAA94D9}.Debug|Any CPU.Build.0 = Debug|Any CPU
		{B1EF9014-C378-4BF9-9C39-AE19CAAA94D9}.Release|Any CPU.ActiveCfg = Release|Any CPU
		{B1EF9014-C378-4BF9-9C39-AE19CAAA94D9}.Release|Any CPU.Build.0 = Release|Any CPU
		{AA1C15D9-E75F-4BF0-8084-E4591ADCECC1}.Debug|Any CPU.ActiveCfg = Debug|Any CPU
		{AA1C15D9-E75F-4BF0-8084-E4591ADCECC1}.Debug|Any CPU.Build.0 = Debug|Any CPU
		{AA1C15D9-E75F-4BF0-8084-E4591ADCECC1}.Release|Any CPU.ActiveCfg = Release|Any CPU
		{AA1C15D9-E75F-4BF0-8084-E4591ADCECC1}.Release|Any CPU.Build.0 = Release|Any CPU
		{C0AEFCA2-349D-4F92-8D63-C8BBDFCEC42E}.Debug|Any CPU.ActiveCfg = Debug|Any CPU
		{C0AEFCA2-349D-4F92-8D63-C8BBDFCEC42E}.Debug|Any CPU.Build.0 = Debug|Any CPU
		{C0AEFCA2-349D-4F92-8D63-C8BBDFCEC42E}.Release|Any CPU.ActiveCfg = Release|Any CPU
		{C0AEFCA2-349D-4F92-8D63-C8BBDFCEC42E}.Release|Any CPU.Build.0 = Release|Any CPU
		{362A02D6-4C1B-4C13-A437-3B1E199152AF}.Debug|Any CPU.ActiveCfg = Debug|Any CPU
		{362A02D6-4C1B-4C13-A437-3B1E199152AF}.Debug|Any CPU.Build.0 = Debug|Any CPU
		{362A02D6-4C1B-4C13-A437-3B1E199152AF}.Release|Any CPU.ActiveCfg = Release|Any CPU
		{362A02D6-4C1B-4C13-A437-3B1E199152AF}.Release|Any CPU.Build.0 = Release|Any CPU
		{2B5CD270-920F-4BDA-BB3C-1D39E0CA0E91}.Debug|Any CPU.ActiveCfg = Debug|Any CPU
		{2B5CD270-920F-4BDA-BB3C-1D39E0CA0E91}.Debug|Any CPU.Build.0 = Debug|Any CPU
		{2B5CD270-920F-4BDA-BB3C-1D39E0CA0E91}.Release|Any CPU.ActiveCfg = Release|Any CPU
		{2B5CD270-920F-4BDA-BB3C-1D39E0CA0E91}.Release|Any CPU.Build.0 = Release|Any CPU
		{12BA4176-7A7C-4BBC-A571-03DEF65F9E7C}.Debug|Any CPU.ActiveCfg = Debug|Any CPU
		{12BA4176-7A7C-4BBC-A571-03DEF65F9E7C}.Debug|Any CPU.Build.0 = Debug|Any CPU
		{12BA4176-7A7C-4BBC-A571-03DEF65F9E7C}.Release|Any CPU.ActiveCfg = Release|Any CPU
		{12BA4176-7A7C-4BBC-A571-03DEF65F9E7C}.Release|Any CPU.Build.0 = Release|Any CPU
		{005D19DF-04D0-40F4-B32B-338213AF6A72}.Debug|Any CPU.ActiveCfg = Debug|Any CPU
		{005D19DF-04D0-40F4-B32B-338213AF6A72}.Debug|Any CPU.Build.0 = Debug|Any CPU
		{005D19DF-04D0-40F4-B32B-338213AF6A72}.Release|Any CPU.ActiveCfg = Release|Any CPU
		{005D19DF-04D0-40F4-B32B-338213AF6A72}.Release|Any CPU.Build.0 = Release|Any CPU
		{11285CD6-0342-4E43-80FE-5369DD999341}.Debug|Any CPU.ActiveCfg = Debug|Any CPU
		{11285CD6-0342-4E43-80FE-5369DD999341}.Debug|Any CPU.Build.0 = Debug|Any CPU
		{11285CD6-0342-4E43-80FE-5369DD999341}.Release|Any CPU.ActiveCfg = Release|Any CPU
		{11285CD6-0342-4E43-80FE-5369DD999341}.Release|Any CPU.Build.0 = Release|Any CPU
		{6F5749F7-64D7-48B1-A324-1F7FDB754D45}.Debug|Any CPU.ActiveCfg = Debug|Any CPU
		{6F5749F7-64D7-48B1-A324-1F7FDB754D45}.Debug|Any CPU.Build.0 = Debug|Any CPU
		{6F5749F7-64D7-48B1-A324-1F7FDB754D45}.Release|Any CPU.ActiveCfg = Release|Any CPU
		{6F5749F7-64D7-48B1-A324-1F7FDB754D45}.Release|Any CPU.Build.0 = Release|Any CPU
		{4C752154-C8A2-4CCB-AD91-CF1317747744}.Debug|Any CPU.ActiveCfg = Debug|Any CPU
		{4C752154-C8A2-4CCB-AD91-CF1317747744}.Debug|Any CPU.Build.0 = Debug|Any CPU
		{4C752154-C8A2-4CCB-AD91-CF1317747744}.Release|Any CPU.ActiveCfg = Release|Any CPU
		{4C752154-C8A2-4CCB-AD91-CF1317747744}.Release|Any CPU.Build.0 = Release|Any CPU
		{22F47731-172E-47FF-8D2C-F6C4AF0E5F25}.Debug|Any CPU.ActiveCfg = Debug|Any CPU
		{22F47731-172E-47FF-8D2C-F6C4AF0E5F25}.Debug|Any CPU.Build.0 = Debug|Any CPU
		{22F47731-172E-47FF-8D2C-F6C4AF0E5F25}.Release|Any CPU.ActiveCfg = Release|Any CPU
		{22F47731-172E-47FF-8D2C-F6C4AF0E5F25}.Release|Any CPU.Build.0 = Release|Any CPU
		{D195D3A9-D1EB-415C-9F12-C6FFA3C941D7}.Debug|Any CPU.ActiveCfg = Debug|Any CPU
		{D195D3A9-D1EB-415C-9F12-C6FFA3C941D7}.Debug|Any CPU.Build.0 = Debug|Any CPU
		{D195D3A9-D1EB-415C-9F12-C6FFA3C941D7}.Release|Any CPU.ActiveCfg = Release|Any CPU
		{D195D3A9-D1EB-415C-9F12-C6FFA3C941D7}.Release|Any CPU.Build.0 = Release|Any CPU
	EndGlobalSection
	GlobalSection(SolutionProperties) = preSolution
		HideSolutionNode = FALSE
	EndGlobalSection
	GlobalSection(ExtensibilityGlobals) = postSolution
		SolutionGuid = {F8454356-197D-4800-8C0C-9F96B0CFD127}
	EndGlobalSection
EndGlobal
