
Microsoft Visual Studio Solution File, Format Version 12.00
# Visual Studio Version 17
VisualStudioVersion = 17.2.32630.192
MinimumVisualStudioVersion = 10.0.40219.1
Project("{9A19103F-16F7-4668-BE54-9A1E7A4F7556}") = "R5T.F0079.Construction", "R5T.F0079.Construction\R5T.F0079.Construction.csproj", "{5F69DE32-7723-46FC-8F5A-1DDC0FF20035}"
EndProject
Project("{9A19103F-16F7-4668-BE54-9A1E7A4F7556}") = "R5T.F0079", "R5T.F0079\R5T.F0079.csproj", "{7516C3D7-DA9B-4A59-862A-47A10CB33FFB}"
EndProject
Project("{2150E333-8FDC-42A3-9474-1A3956D46DE8}") = "_Dependencies", "_Dependencies", "{B3FC61B6-9D80-4826-9753-4ACBFBFCD3EE}"
EndProject
Project("{9A19103F-16F7-4668-BE54-9A1E7A4F7556}") = "R5T.R0003", "..\..\R5T.R0003\source\R5T.R0003\R5T.R0003.csproj", "{E393ECB0-2F87-455A-A97C-6279D8D9E747}"
EndProject
Project("{9A19103F-16F7-4668-BE54-9A1E7A4F7556}") = "R5T.NG0009", "..\..\R5T.NG0009\source\R5T.NG0009\R5T.NG0009.csproj", "{3B4DE02C-5A80-43B3-9774-861EBEEF1FA7}"
EndProject
Project("{9A19103F-16F7-4668-BE54-9A1E7A4F7556}") = "R5T.F0000", "..\..\R5T.F0000\source\R5T.F0000\R5T.F0000.csproj", "{FE02FEAE-4C1D-4838-B5C9-0BAB164F4308}"
EndProject
Project("{9A19103F-16F7-4668-BE54-9A1E7A4F7556}") = "R5T.F0033", "..\..\R5T.F0033\source\R5T.F0033\R5T.F0033.csproj", "{97D7FA72-3040-4DA6-A7B8-CDC3ABEA045D}"
EndProject
Project("{9A19103F-16F7-4668-BE54-9A1E7A4F7556}") = "R5T.Z0015", "..\..\R5T.Z0015\source\R5T.Z0015\R5T.Z0015.csproj", "{4910D745-7BC6-4435-8BA7-BFF071601788}"
EndProject
Project("{9A19103F-16F7-4668-BE54-9A1E7A4F7556}") = "R5T.D0118.I000", "..\..\R5T.D0118\source\R5T.D0118.I000\R5T.D0118.I000.csproj", "{822D8B17-F013-405E-83B5-550AFC8509E9}"
EndProject
Project("{9A19103F-16F7-4668-BE54-9A1E7A4F7556}") = "R5T.D0118", "..\..\R5T.D0118\source\R5T.D0118\R5T.D0118.csproj", "{46BD5CD1-EE89-4525-ABFC-7D77E27D5D83}"
EndProject
Project("{9A19103F-16F7-4668-BE54-9A1E7A4F7556}") = "R5T.F0033.Platform", "..\..\R5T.F0033\source\R5T.F0033.Platform\R5T.F0033.Platform.csproj", "{C924B399-355D-4D54-8EFC-EB712A067C7D}"
EndProject
Project("{9A19103F-16F7-4668-BE54-9A1E7A4F7556}") = "R5T.F0078", "..\..\R5T.F0078\source\R5T.F0078\R5T.F0078.csproj", "{1CED3136-F952-49DE-96F7-AE08B9F58514}"
EndProject
Project("{9A19103F-16F7-4668-BE54-9A1E7A4F7556}") = "R5T.L0053", "..\..\R5T.L0053\source\R5T.L0053\R5T.L0053.csproj", "{172765DF-E282-4B72-A952-0A19DC3AEFB4}"
EndProject
Project("{9A19103F-16F7-4668-BE54-9A1E7A4F7556}") = "R5T.L0066", "..\..\R5T.L0066\source\R5T.L0066\R5T.L0066.csproj", "{A55D1AA3-62A1-4387-BD6E-5C96ED39D42E}"
EndProject
Project("{9A19103F-16F7-4668-BE54-9A1E7A4F7556}") = "R5T.L0071", "..\..\R5T.L0071\source\R5T.L0071\R5T.L0071.csproj", "{D6D522E5-DC69-4DC0-9DEB-659BA869531D}"
EndProject
Project("{9A19103F-16F7-4668-BE54-9A1E7A4F7556}") = "R5T.L0089.F000", "..\..\R5T.L0089\source\R5T.L0089.F000\R5T.L0089.F000.csproj", "{C630DA68-14A1-4685-84A6-3C925956B652}"
EndProject
Project("{9A19103F-16F7-4668-BE54-9A1E7A4F7556}") = "R5T.L0089.T000", "..\..\R5T.L0089\source\R5T.L0089.T000\R5T.L0089.T000.csproj", "{5D07C512-BA5B-4484-A09D-266A086073E8}"
EndProject
Project("{9A19103F-16F7-4668-BE54-9A1E7A4F7556}") = "R5T.L0089", "..\..\R5T.L0089\source\R5T.L0089\R5T.L0089.csproj", "{C0ECA7B2-007D-4163-8A31-89DDED005F15}"
EndProject
Project("{9A19103F-16F7-4668-BE54-9A1E7A4F7556}") = "R5T.NG0002", "..\..\R5T.NG0002\source\R5T.NG0002\R5T.NG0002.csproj", "{0FF0622C-9B84-4192-87E3-5A80C6BE20C0}"
EndProject
Project("{9A19103F-16F7-4668-BE54-9A1E7A4F7556}") = "R5T.NG0014", "..\..\R5T.NG0014\source\R5T.NG0014\R5T.NG0014.csproj", "{768A42E5-4A95-4E69-9E96-C856D4148918}"
EndProject
Project("{9A19103F-16F7-4668-BE54-9A1E7A4F7556}") = "R5T.T0064", "..\..\R5T.T0064\source\R5T.T0064\R5T.T0064.csproj", "{3B254C55-D2C6-40C0-910B-BA58EC2CD31D}"
EndProject
Project("{9A19103F-16F7-4668-BE54-9A1E7A4F7556}") = "R5T.T0131", "..\..\R5T.T0131\source\R5T.T0131\R5T.T0131.csproj", "{B81F461D-9266-4529-A606-01987F60C726}"
EndProject
Project("{9A19103F-16F7-4668-BE54-9A1E7A4F7556}") = "R5T.T0132", "..\..\R5T.T0132\source\R5T.T0132\R5T.T0132.csproj", "{108D5B62-6F95-4F71-9211-714D430C8404}"
EndProject
Project("{9A19103F-16F7-4668-BE54-9A1E7A4F7556}") = "R5T.T0142", "..\..\R5T.T0142\source\R5T.T0142\R5T.T0142.csproj", "{E9F85B9C-76DC-44D1-B545-7E07556E46BF}"
EndProject
Project("{9A19103F-16F7-4668-BE54-9A1E7A4F7556}") = "R5T.T0143", "..\..\R5T.T0143\source\R5T.T0143\R5T.T0143.csproj", "{82BAB1AF-467D-473E-A180-8858954C8B54}"
EndProject
Project("{9A19103F-16F7-4668-BE54-9A1E7A4F7556}") = "R5T.T0147.T000", "..\..\R5T.T0147\source\R5T.T0147.T000\R5T.T0147.T000.csproj", "{FD646CE8-51BF-4DF0-BE34-81DC53AB2322}"
EndProject
Project("{9A19103F-16F7-4668-BE54-9A1E7A4F7556}") = "R5T.T0147.T001", "..\..\R5T.T0147\source\R5T.T0147.T001\R5T.T0147.T001.csproj", "{6BC14BB3-B3A0-48B2-8E86-4B2624C34D42}"
EndProject
Project("{9A19103F-16F7-4668-BE54-9A1E7A4F7556}") = "R5T.T0147", "..\..\R5T.T0147\source\R5T.T0147\R5T.T0147.csproj", "{9E0331B8-2DE4-4C07-BD7E-A6D78C13E88F}"
EndProject
Project("{9A19103F-16F7-4668-BE54-9A1E7A4F7556}") = "R5T.T0154", "..\..\R5T.T0154\source\R5T.T0154\R5T.T0154.csproj", "{56416147-ADE5-4F93-8C7E-36FDB85C86E9}"
EndProject
Project("{9A19103F-16F7-4668-BE54-9A1E7A4F7556}") = "R5T.T0156", "..\..\R5T.T0156\source\R5T.T0156\R5T.T0156.csproj", "{10A4804F-5A45-4737-9986-B404416AE11A}"
EndProject
Project("{9A19103F-16F7-4668-BE54-9A1E7A4F7556}") = "R5T.T0178", "..\..\R5T.T0178\source\R5T.T0178\R5T.T0178.csproj", "{E44AA57F-46E7-48B3-A659-EBB1F8452C24}"
EndProject
Project("{9A19103F-16F7-4668-BE54-9A1E7A4F7556}") = "R5T.T0179", "..\..\R5T.T0179\source\R5T.T0179\R5T.T0179.csproj", "{67D5A044-3CC4-4CA4-B900-258F6D0F9D7E}"
EndProject
Project("{9A19103F-16F7-4668-BE54-9A1E7A4F7556}") = "R5T.T0180", "..\..\R5T.T0180\source\R5T.T0180\R5T.T0180.csproj", "{F296D411-07D3-452E-ABC1-53AF4411B199}"
EndProject
Project("{9A19103F-16F7-4668-BE54-9A1E7A4F7556}") = "R5T.T0181", "..\..\R5T.T0181\source\R5T.T0181\R5T.T0181.csproj", "{13497E23-D7A8-426F-89AE-EA99016882DA}"
EndProject
Project("{9A19103F-16F7-4668-BE54-9A1E7A4F7556}") = "R5T.T0221", "..\..\R5T.T0221\source\R5T.T0221\R5T.T0221.csproj", "{26A5885D-7F49-4A41-BCCA-8377F54B343E}"
EndProject
Project("{9A19103F-16F7-4668-BE54-9A1E7A4F7556}") = "R5T.Y0000", "..\..\R5T.Y0000\source\R5T.Y0000\R5T.Y0000.csproj", "{454F6C72-D618-4CD9-9521-D2CCA0D55FDC}"
EndProject
Project("{9A19103F-16F7-4668-BE54-9A1E7A4F7556}") = "R5T.Y0006", "..\..\R5T.Y0006\source\R5T.Y0006\R5T.Y0006.csproj", "{85F8BD03-F51A-444F-A52D-37921D07EB2E}"
EndProject
Project("{9A19103F-16F7-4668-BE54-9A1E7A4F7556}") = "R5T.Z0000", "..\..\R5T.Z0000\source\R5T.Z0000\R5T.Z0000.csproj", "{CB1D1CE1-15C5-4B3B-BD8B-75D10E281B2B}"
EndProject
Project("{9A19103F-16F7-4668-BE54-9A1E7A4F7556}") = "R5T.Z0010.Platform", "..\..\R5T.Z0010\source\R5T.Z0010.Platform\R5T.Z0010.Platform.csproj", "{3F161F49-DC3C-4048-A95A-B47A95B00BE3}"
EndProject
Global
	GlobalSection(NestedProjects) = preSolution
		{E393ECB0-2F87-455A-A97C-6279D8D9E747} = {B3FC61B6-9D80-4826-9753-4ACBFBFCD3EE}
		{3B4DE02C-5A80-43B3-9774-861EBEEF1FA7} = {B3FC61B6-9D80-4826-9753-4ACBFBFCD3EE}
		{FE02FEAE-4C1D-4838-B5C9-0BAB164F4308} = {B3FC61B6-9D80-4826-9753-4ACBFBFCD3EE}
		{97D7FA72-3040-4DA6-A7B8-CDC3ABEA045D} = {B3FC61B6-9D80-4826-9753-4ACBFBFCD3EE}
		{4910D745-7BC6-4435-8BA7-BFF071601788} = {B3FC61B6-9D80-4826-9753-4ACBFBFCD3EE}
		{822D8B17-F013-405E-83B5-550AFC8509E9} = {B3FC61B6-9D80-4826-9753-4ACBFBFCD3EE}
		{46BD5CD1-EE89-4525-ABFC-7D77E27D5D83} = {B3FC61B6-9D80-4826-9753-4ACBFBFCD3EE}
		{C924B399-355D-4D54-8EFC-EB712A067C7D} = {B3FC61B6-9D80-4826-9753-4ACBFBFCD3EE}
		{1CED3136-F952-49DE-96F7-AE08B9F58514} = {B3FC61B6-9D80-4826-9753-4ACBFBFCD3EE}
		{172765DF-E282-4B72-A952-0A19DC3AEFB4} = {B3FC61B6-9D80-4826-9753-4ACBFBFCD3EE}
		{A55D1AA3-62A1-4387-BD6E-5C96ED39D42E} = {B3FC61B6-9D80-4826-9753-4ACBFBFCD3EE}
		{D6D522E5-DC69-4DC0-9DEB-659BA869531D} = {B3FC61B6-9D80-4826-9753-4ACBFBFCD3EE}
		{C630DA68-14A1-4685-84A6-3C925956B652} = {B3FC61B6-9D80-4826-9753-4ACBFBFCD3EE}
		{5D07C512-BA5B-4484-A09D-266A086073E8} = {B3FC61B6-9D80-4826-9753-4ACBFBFCD3EE}
		{C0ECA7B2-007D-4163-8A31-89DDED005F15} = {B3FC61B6-9D80-4826-9753-4ACBFBFCD3EE}
		{0FF0622C-9B84-4192-87E3-5A80C6BE20C0} = {B3FC61B6-9D80-4826-9753-4ACBFBFCD3EE}
		{768A42E5-4A95-4E69-9E96-C856D4148918} = {B3FC61B6-9D80-4826-9753-4ACBFBFCD3EE}
		{3B254C55-D2C6-40C0-910B-BA58EC2CD31D} = {B3FC61B6-9D80-4826-9753-4ACBFBFCD3EE}
		{B81F461D-9266-4529-A606-01987F60C726} = {B3FC61B6-9D80-4826-9753-4ACBFBFCD3EE}
		{108D5B62-6F95-4F71-9211-714D430C8404} = {B3FC61B6-9D80-4826-9753-4ACBFBFCD3EE}
		{E9F85B9C-76DC-44D1-B545-7E07556E46BF} = {B3FC61B6-9D80-4826-9753-4ACBFBFCD3EE}
		{82BAB1AF-467D-473E-A180-8858954C8B54} = {B3FC61B6-9D80-4826-9753-4ACBFBFCD3EE}
		{FD646CE8-51BF-4DF0-BE34-81DC53AB2322} = {B3FC61B6-9D80-4826-9753-4ACBFBFCD3EE}
		{6BC14BB3-B3A0-48B2-8E86-4B2624C34D42} = {B3FC61B6-9D80-4826-9753-4ACBFBFCD3EE}
		{9E0331B8-2DE4-4C07-BD7E-A6D78C13E88F} = {B3FC61B6-9D80-4826-9753-4ACBFBFCD3EE}
		{56416147-ADE5-4F93-8C7E-36FDB85C86E9} = {B3FC61B6-9D80-4826-9753-4ACBFBFCD3EE}
		{10A4804F-5A45-4737-9986-B404416AE11A} = {B3FC61B6-9D80-4826-9753-4ACBFBFCD3EE}
		{E44AA57F-46E7-48B3-A659-EBB1F8452C24} = {B3FC61B6-9D80-4826-9753-4ACBFBFCD3EE}
		{67D5A044-3CC4-4CA4-B900-258F6D0F9D7E} = {B3FC61B6-9D80-4826-9753-4ACBFBFCD3EE}
		{F296D411-07D3-452E-ABC1-53AF4411B199} = {B3FC61B6-9D80-4826-9753-4ACBFBFCD3EE}
		{13497E23-D7A8-426F-89AE-EA99016882DA} = {B3FC61B6-9D80-4826-9753-4ACBFBFCD3EE}
		{26A5885D-7F49-4A41-BCCA-8377F54B343E} = {B3FC61B6-9D80-4826-9753-4ACBFBFCD3EE}
		{454F6C72-D618-4CD9-9521-D2CCA0D55FDC} = {B3FC61B6-9D80-4826-9753-4ACBFBFCD3EE}
		{85F8BD03-F51A-444F-A52D-37921D07EB2E} = {B3FC61B6-9D80-4826-9753-4ACBFBFCD3EE}
		{CB1D1CE1-15C5-4B3B-BD8B-75D10E281B2B} = {B3FC61B6-9D80-4826-9753-4ACBFBFCD3EE}
		{3F161F49-DC3C-4048-A95A-B47A95B00BE3} = {B3FC61B6-9D80-4826-9753-4ACBFBFCD3EE}
	EndGlobalSection
	GlobalSection(SolutionConfigurationPlatforms) = preSolution
		Debug|Any CPU = Debug|Any CPU
		Release|Any CPU = Release|Any CPU
	EndGlobalSection
	GlobalSection(ProjectConfigurationPlatforms) = postSolution
		{5F69DE32-7723-46FC-8F5A-1DDC0FF20035}.Debug|Any CPU.ActiveCfg = Debug|Any CPU
		{5F69DE32-7723-46FC-8F5A-1DDC0FF20035}.Debug|Any CPU.Build.0 = Debug|Any CPU
		{5F69DE32-7723-46FC-8F5A-1DDC0FF20035}.Release|Any CPU.ActiveCfg = Release|Any CPU
		{5F69DE32-7723-46FC-8F5A-1DDC0FF20035}.Release|Any CPU.Build.0 = Release|Any CPU
		{7516C3D7-DA9B-4A59-862A-47A10CB33FFB}.Debug|Any CPU.ActiveCfg = Debug|Any CPU
		{7516C3D7-DA9B-4A59-862A-47A10CB33FFB}.Debug|Any CPU.Build.0 = Debug|Any CPU
		{7516C3D7-DA9B-4A59-862A-47A10CB33FFB}.Release|Any CPU.ActiveCfg = Release|Any CPU
		{7516C3D7-DA9B-4A59-862A-47A10CB33FFB}.Release|Any CPU.Build.0 = Release|Any CPU
		{E393ECB0-2F87-455A-A97C-6279D8D9E747}.Debug|Any CPU.ActiveCfg = Debug|Any CPU
		{E393ECB0-2F87-455A-A97C-6279D8D9E747}.Debug|Any CPU.Build.0 = Debug|Any CPU
		{E393ECB0-2F87-455A-A97C-6279D8D9E747}.Release|Any CPU.ActiveCfg = Release|Any CPU
		{E393ECB0-2F87-455A-A97C-6279D8D9E747}.Release|Any CPU.Build.0 = Release|Any CPU
		{3B4DE02C-5A80-43B3-9774-861EBEEF1FA7}.Debug|Any CPU.ActiveCfg = Debug|Any CPU
		{3B4DE02C-5A80-43B3-9774-861EBEEF1FA7}.Debug|Any CPU.Build.0 = Debug|Any CPU
		{3B4DE02C-5A80-43B3-9774-861EBEEF1FA7}.Release|Any CPU.ActiveCfg = Release|Any CPU
		{3B4DE02C-5A80-43B3-9774-861EBEEF1FA7}.Release|Any CPU.Build.0 = Release|Any CPU
		{FE02FEAE-4C1D-4838-B5C9-0BAB164F4308}.Debug|Any CPU.ActiveCfg = Debug|Any CPU
		{FE02FEAE-4C1D-4838-B5C9-0BAB164F4308}.Debug|Any CPU.Build.0 = Debug|Any CPU
		{FE02FEAE-4C1D-4838-B5C9-0BAB164F4308}.Release|Any CPU.ActiveCfg = Release|Any CPU
		{FE02FEAE-4C1D-4838-B5C9-0BAB164F4308}.Release|Any CPU.Build.0 = Release|Any CPU
		{97D7FA72-3040-4DA6-A7B8-CDC3ABEA045D}.Debug|Any CPU.ActiveCfg = Debug|Any CPU
		{97D7FA72-3040-4DA6-A7B8-CDC3ABEA045D}.Debug|Any CPU.Build.0 = Debug|Any CPU
		{97D7FA72-3040-4DA6-A7B8-CDC3ABEA045D}.Release|Any CPU.ActiveCfg = Release|Any CPU
		{97D7FA72-3040-4DA6-A7B8-CDC3ABEA045D}.Release|Any CPU.Build.0 = Release|Any CPU
		{4910D745-7BC6-4435-8BA7-BFF071601788}.Debug|Any CPU.ActiveCfg = Debug|Any CPU
		{4910D745-7BC6-4435-8BA7-BFF071601788}.Debug|Any CPU.Build.0 = Debug|Any CPU
		{4910D745-7BC6-4435-8BA7-BFF071601788}.Release|Any CPU.ActiveCfg = Release|Any CPU
		{4910D745-7BC6-4435-8BA7-BFF071601788}.Release|Any CPU.Build.0 = Release|Any CPU
		{822D8B17-F013-405E-83B5-550AFC8509E9}.Debug|Any CPU.ActiveCfg = Debug|Any CPU
		{822D8B17-F013-405E-83B5-550AFC8509E9}.Debug|Any CPU.Build.0 = Debug|Any CPU
		{822D8B17-F013-405E-83B5-550AFC8509E9}.Release|Any CPU.ActiveCfg = Release|Any CPU
		{822D8B17-F013-405E-83B5-550AFC8509E9}.Release|Any CPU.Build.0 = Release|Any CPU
		{46BD5CD1-EE89-4525-ABFC-7D77E27D5D83}.Debug|Any CPU.ActiveCfg = Debug|Any CPU
		{46BD5CD1-EE89-4525-ABFC-7D77E27D5D83}.Debug|Any CPU.Build.0 = Debug|Any CPU
		{46BD5CD1-EE89-4525-ABFC-7D77E27D5D83}.Release|Any CPU.ActiveCfg = Release|Any CPU
		{46BD5CD1-EE89-4525-ABFC-7D77E27D5D83}.Release|Any CPU.Build.0 = Release|Any CPU
		{C924B399-355D-4D54-8EFC-EB712A067C7D}.Debug|Any CPU.ActiveCfg = Debug|Any CPU
		{C924B399-355D-4D54-8EFC-EB712A067C7D}.Debug|Any CPU.Build.0 = Debug|Any CPU
		{C924B399-355D-4D54-8EFC-EB712A067C7D}.Release|Any CPU.ActiveCfg = Release|Any CPU
		{C924B399-355D-4D54-8EFC-EB712A067C7D}.Release|Any CPU.Build.0 = Release|Any CPU
		{1CED3136-F952-49DE-96F7-AE08B9F58514}.Debug|Any CPU.ActiveCfg = Debug|Any CPU
		{1CED3136-F952-49DE-96F7-AE08B9F58514}.Debug|Any CPU.Build.0 = Debug|Any CPU
		{1CED3136-F952-49DE-96F7-AE08B9F58514}.Release|Any CPU.ActiveCfg = Release|Any CPU
		{1CED3136-F952-49DE-96F7-AE08B9F58514}.Release|Any CPU.Build.0 = Release|Any CPU
		{172765DF-E282-4B72-A952-0A19DC3AEFB4}.Debug|Any CPU.ActiveCfg = Debug|Any CPU
		{172765DF-E282-4B72-A952-0A19DC3AEFB4}.Debug|Any CPU.Build.0 = Debug|Any CPU
		{172765DF-E282-4B72-A952-0A19DC3AEFB4}.Release|Any CPU.ActiveCfg = Release|Any CPU
		{172765DF-E282-4B72-A952-0A19DC3AEFB4}.Release|Any CPU.Build.0 = Release|Any CPU
		{A55D1AA3-62A1-4387-BD6E-5C96ED39D42E}.Debug|Any CPU.ActiveCfg = Debug|Any CPU
		{A55D1AA3-62A1-4387-BD6E-5C96ED39D42E}.Debug|Any CPU.Build.0 = Debug|Any CPU
		{A55D1AA3-62A1-4387-BD6E-5C96ED39D42E}.Release|Any CPU.ActiveCfg = Release|Any CPU
		{A55D1AA3-62A1-4387-BD6E-5C96ED39D42E}.Release|Any CPU.Build.0 = Release|Any CPU
		{D6D522E5-DC69-4DC0-9DEB-659BA869531D}.Debug|Any CPU.ActiveCfg = Debug|Any CPU
		{D6D522E5-DC69-4DC0-9DEB-659BA869531D}.Debug|Any CPU.Build.0 = Debug|Any CPU
		{D6D522E5-DC69-4DC0-9DEB-659BA869531D}.Release|Any CPU.ActiveCfg = Release|Any CPU
		{D6D522E5-DC69-4DC0-9DEB-659BA869531D}.Release|Any CPU.Build.0 = Release|Any CPU
		{C630DA68-14A1-4685-84A6-3C925956B652}.Debug|Any CPU.ActiveCfg = Debug|Any CPU
		{C630DA68-14A1-4685-84A6-3C925956B652}.Debug|Any CPU.Build.0 = Debug|Any CPU
		{C630DA68-14A1-4685-84A6-3C925956B652}.Release|Any CPU.ActiveCfg = Release|Any CPU
		{C630DA68-14A1-4685-84A6-3C925956B652}.Release|Any CPU.Build.0 = Release|Any CPU
		{5D07C512-BA5B-4484-A09D-266A086073E8}.Debug|Any CPU.ActiveCfg = Debug|Any CPU
		{5D07C512-BA5B-4484-A09D-266A086073E8}.Debug|Any CPU.Build.0 = Debug|Any CPU
		{5D07C512-BA5B-4484-A09D-266A086073E8}.Release|Any CPU.ActiveCfg = Release|Any CPU
		{5D07C512-BA5B-4484-A09D-266A086073E8}.Release|Any CPU.Build.0 = Release|Any CPU
		{C0ECA7B2-007D-4163-8A31-89DDED005F15}.Debug|Any CPU.ActiveCfg = Debug|Any CPU
		{C0ECA7B2-007D-4163-8A31-89DDED005F15}.Debug|Any CPU.Build.0 = Debug|Any CPU
		{C0ECA7B2-007D-4163-8A31-89DDED005F15}.Release|Any CPU.ActiveCfg = Release|Any CPU
		{C0ECA7B2-007D-4163-8A31-89DDED005F15}.Release|Any CPU.Build.0 = Release|Any CPU
		{0FF0622C-9B84-4192-87E3-5A80C6BE20C0}.Debug|Any CPU.ActiveCfg = Debug|Any CPU
		{0FF0622C-9B84-4192-87E3-5A80C6BE20C0}.Debug|Any CPU.Build.0 = Debug|Any CPU
		{0FF0622C-9B84-4192-87E3-5A80C6BE20C0}.Release|Any CPU.ActiveCfg = Release|Any CPU
		{0FF0622C-9B84-4192-87E3-5A80C6BE20C0}.Release|Any CPU.Build.0 = Release|Any CPU
		{768A42E5-4A95-4E69-9E96-C856D4148918}.Debug|Any CPU.ActiveCfg = Debug|Any CPU
		{768A42E5-4A95-4E69-9E96-C856D4148918}.Debug|Any CPU.Build.0 = Debug|Any CPU
		{768A42E5-4A95-4E69-9E96-C856D4148918}.Release|Any CPU.ActiveCfg = Release|Any CPU
		{768A42E5-4A95-4E69-9E96-C856D4148918}.Release|Any CPU.Build.0 = Release|Any CPU
		{3B254C55-D2C6-40C0-910B-BA58EC2CD31D}.Debug|Any CPU.ActiveCfg = Debug|Any CPU
		{3B254C55-D2C6-40C0-910B-BA58EC2CD31D}.Debug|Any CPU.Build.0 = Debug|Any CPU
		{3B254C55-D2C6-40C0-910B-BA58EC2CD31D}.Release|Any CPU.ActiveCfg = Release|Any CPU
		{3B254C55-D2C6-40C0-910B-BA58EC2CD31D}.Release|Any CPU.Build.0 = Release|Any CPU
		{B81F461D-9266-4529-A606-01987F60C726}.Debug|Any CPU.ActiveCfg = Debug|Any CPU
		{B81F461D-9266-4529-A606-01987F60C726}.Debug|Any CPU.Build.0 = Debug|Any CPU
		{B81F461D-9266-4529-A606-01987F60C726}.Release|Any CPU.ActiveCfg = Release|Any CPU
		{B81F461D-9266-4529-A606-01987F60C726}.Release|Any CPU.Build.0 = Release|Any CPU
		{108D5B62-6F95-4F71-9211-714D430C8404}.Debug|Any CPU.ActiveCfg = Debug|Any CPU
		{108D5B62-6F95-4F71-9211-714D430C8404}.Debug|Any CPU.Build.0 = Debug|Any CPU
		{108D5B62-6F95-4F71-9211-714D430C8404}.Release|Any CPU.ActiveCfg = Release|Any CPU
		{108D5B62-6F95-4F71-9211-714D430C8404}.Release|Any CPU.Build.0 = Release|Any CPU
		{E9F85B9C-76DC-44D1-B545-7E07556E46BF}.Debug|Any CPU.ActiveCfg = Debug|Any CPU
		{E9F85B9C-76DC-44D1-B545-7E07556E46BF}.Debug|Any CPU.Build.0 = Debug|Any CPU
		{E9F85B9C-76DC-44D1-B545-7E07556E46BF}.Release|Any CPU.ActiveCfg = Release|Any CPU
		{E9F85B9C-76DC-44D1-B545-7E07556E46BF}.Release|Any CPU.Build.0 = Release|Any CPU
		{82BAB1AF-467D-473E-A180-8858954C8B54}.Debug|Any CPU.ActiveCfg = Debug|Any CPU
		{82BAB1AF-467D-473E-A180-8858954C8B54}.Debug|Any CPU.Build.0 = Debug|Any CPU
		{82BAB1AF-467D-473E-A180-8858954C8B54}.Release|Any CPU.ActiveCfg = Release|Any CPU
		{82BAB1AF-467D-473E-A180-8858954C8B54}.Release|Any CPU.Build.0 = Release|Any CPU
		{FD646CE8-51BF-4DF0-BE34-81DC53AB2322}.Debug|Any CPU.ActiveCfg = Debug|Any CPU
		{FD646CE8-51BF-4DF0-BE34-81DC53AB2322}.Debug|Any CPU.Build.0 = Debug|Any CPU
		{FD646CE8-51BF-4DF0-BE34-81DC53AB2322}.Release|Any CPU.ActiveCfg = Release|Any CPU
		{FD646CE8-51BF-4DF0-BE34-81DC53AB2322}.Release|Any CPU.Build.0 = Release|Any CPU
		{6BC14BB3-B3A0-48B2-8E86-4B2624C34D42}.Debug|Any CPU.ActiveCfg = Debug|Any CPU
		{6BC14BB3-B3A0-48B2-8E86-4B2624C34D42}.Debug|Any CPU.Build.0 = Debug|Any CPU
		{6BC14BB3-B3A0-48B2-8E86-4B2624C34D42}.Release|Any CPU.ActiveCfg = Release|Any CPU
		{6BC14BB3-B3A0-48B2-8E86-4B2624C34D42}.Release|Any CPU.Build.0 = Release|Any CPU
		{9E0331B8-2DE4-4C07-BD7E-A6D78C13E88F}.Debug|Any CPU.ActiveCfg = Debug|Any CPU
		{9E0331B8-2DE4-4C07-BD7E-A6D78C13E88F}.Debug|Any CPU.Build.0 = Debug|Any CPU
		{9E0331B8-2DE4-4C07-BD7E-A6D78C13E88F}.Release|Any CPU.ActiveCfg = Release|Any CPU
		{9E0331B8-2DE4-4C07-BD7E-A6D78C13E88F}.Release|Any CPU.Build.0 = Release|Any CPU
		{56416147-ADE5-4F93-8C7E-36FDB85C86E9}.Debug|Any CPU.ActiveCfg = Debug|Any CPU
		{56416147-ADE5-4F93-8C7E-36FDB85C86E9}.Debug|Any CPU.Build.0 = Debug|Any CPU
		{56416147-ADE5-4F93-8C7E-36FDB85C86E9}.Release|Any CPU.ActiveCfg = Release|Any CPU
		{56416147-ADE5-4F93-8C7E-36FDB85C86E9}.Release|Any CPU.Build.0 = Release|Any CPU
		{10A4804F-5A45-4737-9986-B404416AE11A}.Debug|Any CPU.ActiveCfg = Debug|Any CPU
		{10A4804F-5A45-4737-9986-B404416AE11A}.Debug|Any CPU.Build.0 = Debug|Any CPU
		{10A4804F-5A45-4737-9986-B404416AE11A}.Release|Any CPU.ActiveCfg = Release|Any CPU
		{10A4804F-5A45-4737-9986-B404416AE11A}.Release|Any CPU.Build.0 = Release|Any CPU
		{E44AA57F-46E7-48B3-A659-EBB1F8452C24}.Debug|Any CPU.ActiveCfg = Debug|Any CPU
		{E44AA57F-46E7-48B3-A659-EBB1F8452C24}.Debug|Any CPU.Build.0 = Debug|Any CPU
		{E44AA57F-46E7-48B3-A659-EBB1F8452C24}.Release|Any CPU.ActiveCfg = Release|Any CPU
		{E44AA57F-46E7-48B3-A659-EBB1F8452C24}.Release|Any CPU.Build.0 = Release|Any CPU
		{67D5A044-3CC4-4CA4-B900-258F6D0F9D7E}.Debug|Any CPU.ActiveCfg = Debug|Any CPU
		{67D5A044-3CC4-4CA4-B900-258F6D0F9D7E}.Debug|Any CPU.Build.0 = Debug|Any CPU
		{67D5A044-3CC4-4CA4-B900-258F6D0F9D7E}.Release|Any CPU.ActiveCfg = Release|Any CPU
		{67D5A044-3CC4-4CA4-B900-258F6D0F9D7E}.Release|Any CPU.Build.0 = Release|Any CPU
		{F296D411-07D3-452E-ABC1-53AF4411B199}.Debug|Any CPU.ActiveCfg = Debug|Any CPU
		{F296D411-07D3-452E-ABC1-53AF4411B199}.Debug|Any CPU.Build.0 = Debug|Any CPU
		{F296D411-07D3-452E-ABC1-53AF4411B199}.Release|Any CPU.ActiveCfg = Release|Any CPU
		{F296D411-07D3-452E-ABC1-53AF4411B199}.Release|Any CPU.Build.0 = Release|Any CPU
		{13497E23-D7A8-426F-89AE-EA99016882DA}.Debug|Any CPU.ActiveCfg = Debug|Any CPU
		{13497E23-D7A8-426F-89AE-EA99016882DA}.Debug|Any CPU.Build.0 = Debug|Any CPU
		{13497E23-D7A8-426F-89AE-EA99016882DA}.Release|Any CPU.ActiveCfg = Release|Any CPU
		{13497E23-D7A8-426F-89AE-EA99016882DA}.Release|Any CPU.Build.0 = Release|Any CPU
		{26A5885D-7F49-4A41-BCCA-8377F54B343E}.Debug|Any CPU.ActiveCfg = Debug|Any CPU
		{26A5885D-7F49-4A41-BCCA-8377F54B343E}.Debug|Any CPU.Build.0 = Debug|Any CPU
		{26A5885D-7F49-4A41-BCCA-8377F54B343E}.Release|Any CPU.ActiveCfg = Release|Any CPU
		{26A5885D-7F49-4A41-BCCA-8377F54B343E}.Release|Any CPU.Build.0 = Release|Any CPU
		{454F6C72-D618-4CD9-9521-D2CCA0D55FDC}.Debug|Any CPU.ActiveCfg = Debug|Any CPU
		{454F6C72-D618-4CD9-9521-D2CCA0D55FDC}.Debug|Any CPU.Build.0 = Debug|Any CPU
		{454F6C72-D618-4CD9-9521-D2CCA0D55FDC}.Release|Any CPU.ActiveCfg = Release|Any CPU
		{454F6C72-D618-4CD9-9521-D2CCA0D55FDC}.Release|Any CPU.Build.0 = Release|Any CPU
		{85F8BD03-F51A-444F-A52D-37921D07EB2E}.Debug|Any CPU.ActiveCfg = Debug|Any CPU
		{85F8BD03-F51A-444F-A52D-37921D07EB2E}.Debug|Any CPU.Build.0 = Debug|Any CPU
		{85F8BD03-F51A-444F-A52D-37921D07EB2E}.Release|Any CPU.ActiveCfg = Release|Any CPU
		{85F8BD03-F51A-444F-A52D-37921D07EB2E}.Release|Any CPU.Build.0 = Release|Any CPU
		{CB1D1CE1-15C5-4B3B-BD8B-75D10E281B2B}.Debug|Any CPU.ActiveCfg = Debug|Any CPU
		{CB1D1CE1-15C5-4B3B-BD8B-75D10E281B2B}.Debug|Any CPU.Build.0 = Debug|Any CPU
		{CB1D1CE1-15C5-4B3B-BD8B-75D10E281B2B}.Release|Any CPU.ActiveCfg = Release|Any CPU
		{CB1D1CE1-15C5-4B3B-BD8B-75D10E281B2B}.Release|Any CPU.Build.0 = Release|Any CPU
		{3F161F49-DC3C-4048-A95A-B47A95B00BE3}.Debug|Any CPU.ActiveCfg = Debug|Any CPU
		{3F161F49-DC3C-4048-A95A-B47A95B00BE3}.Debug|Any CPU.Build.0 = Debug|Any CPU
		{3F161F49-DC3C-4048-A95A-B47A95B00BE3}.Release|Any CPU.ActiveCfg = Release|Any CPU
		{3F161F49-DC3C-4048-A95A-B47A95B00BE3}.Release|Any CPU.Build.0 = Release|Any CPU
	EndGlobalSection
	GlobalSection(SolutionProperties) = preSolution
		HideSolutionNode = FALSE
	EndGlobalSection
	GlobalSection(ExtensibilityGlobals) = postSolution
		SolutionGuid = {5268E0C8-D997-4769-B3C2-B94720478C7E}
	EndGlobalSection
EndGlobal
