
Microsoft Visual Studio Solution File, Format Version 12.00
# Visual Studio Version 17
VisualStudioVersion = 17.2.32630.192
MinimumVisualStudioVersion = 10.0.40219.1
Project("{9A19103F-16F7-4668-BE54-9A1E7A4F7556}") = "R5T.F0079.Construction", "R5T.F0079.Construction\R5T.F0079.Construction.csproj", "{5F69DE32-7723-46FC-8F5A-1DDC0FF20035}"
EndProject
Project("{9A19103F-16F7-4668-BE54-9A1E7A4F7556}") = "R5T.F0079", "R5T.F0079\R5T.F0079.csproj", "{7516C3D7-DA9B-4A59-862A-47A10CB33FFB}"
EndProject
Project("{2150E333-8FDC-42A3-9474-1A3956D46DE8}") = "_Dependencies", "_Dependencies", "{B3FC61B6-9D80-4826-9753-4ACBFBFCD3EE}"
EndProject
Project("{9A19103F-16F7-4668-BE54-9A1E7A4F7556}") = "R5T.R0003", "..\..\R5T.R0003\source\R5T.R0003\R5T.R0003.csproj", "{E393ECB0-2F87-455A-A97C-6279D8D9E747}"
EndProject
Project("{9A19103F-16F7-4668-BE54-9A1E7A4F7556}") = "R5T.NG0009", "..\..\R5T.NG0009\source\R5T.NG0009\R5T.NG0009.csproj", "{3B4DE02C-5A80-43B3-9774-861EBEEF1FA7}"
EndProject
Project("{9A19103F-16F7-4668-BE54-9A1E7A4F7556}") = "R5T.F0000", "..\..\R5T.F0000\source\R5T.F0000\R5T.F0000.csproj", "{FE02FEAE-4C1D-4838-B5C9-0BAB164F4308}"
EndProject
Project("{9A19103F-16F7-4668-BE54-9A1E7A4F7556}") = "R5T.F0033", "..\..\R5T.F0033\source\R5T.F0033\R5T.F0033.csproj", "{97D7FA72-3040-4DA6-A7B8-CDC3ABEA045D}"
EndProject
Project("{9A19103F-16F7-4668-BE54-9A1E7A4F7556}") = "R5T.Z0015", "..\..\R5T.Z0015\source\R5T.Z0015\R5T.Z0015.csproj", "{4910D745-7BC6-4435-8BA7-BFF071601788}"
EndProject
Global
	GlobalSection(SolutionConfigurationPlatforms) = preSolution
		Debug|Any CPU = Debug|Any CPU
		Release|Any CPU = Release|Any CPU
	EndGlobalSection
	GlobalSection(ProjectConfigurationPlatforms) = postSolution
		{5F69DE32-7723-46FC-8F5A-1DDC0FF20035}.Debug|Any CPU.ActiveCfg = Debug|Any CPU
		{5F69DE32-7723-46FC-8F5A-1DDC0FF20035}.Debug|Any CPU.Build.0 = Debug|Any CPU
		{5F69DE32-7723-46FC-8F5A-1DDC0FF20035}.Release|Any CPU.ActiveCfg = Release|Any CPU
		{5F69DE32-7723-46FC-8F5A-1DDC0FF20035}.Release|Any CPU.Build.0 = Release|Any CPU
		{7516C3D7-DA9B-4A59-862A-47A10CB33FFB}.Debug|Any CPU.ActiveCfg = Debug|Any CPU
		{7516C3D7-DA9B-4A59-862A-47A10CB33FFB}.Debug|Any CPU.Build.0 = Debug|Any CPU
		{7516C3D7-DA9B-4A59-862A-47A10CB33FFB}.Release|Any CPU.ActiveCfg = Release|Any CPU
		{7516C3D7-DA9B-4A59-862A-47A10CB33FFB}.Release|Any CPU.Build.0 = Release|Any CPU
		{E393ECB0-2F87-455A-A97C-6279D8D9E747}.Debug|Any CPU.ActiveCfg = Debug|Any CPU
		{E393ECB0-2F87-455A-A97C-6279D8D9E747}.Debug|Any CPU.Build.0 = Debug|Any CPU
		{E393ECB0-2F87-455A-A97C-6279D8D9E747}.Release|Any CPU.ActiveCfg = Release|Any CPU
		{E393ECB0-2F87-455A-A97C-6279D8D9E747}.Release|Any CPU.Build.0 = Release|Any CPU
		{3B4DE02C-5A80-43B3-9774-861EBEEF1FA7}.Debug|Any CPU.ActiveCfg = Debug|Any CPU
		{3B4DE02C-5A80-43B3-9774-861EBEEF1FA7}.Debug|Any CPU.Build.0 = Debug|Any CPU
		{3B4DE02C-5A80-43B3-9774-861EBEEF1FA7}.Release|Any CPU.ActiveCfg = Release|Any CPU
		{3B4DE02C-5A80-43B3-9774-861EBEEF1FA7}.Release|Any CPU.Build.0 = Release|Any CPU
		{FE02FEAE-4C1D-4838-B5C9-0BAB164F4308}.Debug|Any CPU.ActiveCfg = Debug|Any CPU
		{FE02FEAE-4C1D-4838-B5C9-0BAB164F4308}.Debug|Any CPU.Build.0 = Debug|Any CPU
		{FE02FEAE-4C1D-4838-B5C9-0BAB164F4308}.Release|Any CPU.ActiveCfg = Release|Any CPU
		{FE02FEAE-4C1D-4838-B5C9-0BAB164F4308}.Release|Any CPU.Build.0 = Release|Any CPU
		{97D7FA72-3040-4DA6-A7B8-CDC3ABEA045D}.Debug|Any CPU.ActiveCfg = Debug|Any CPU
		{97D7FA72-3040-4DA6-A7B8-CDC3ABEA045D}.Debug|Any CPU.Build.0 = Debug|Any CPU
		{97D7FA72-3040-4DA6-A7B8-CDC3ABEA045D}.Release|Any CPU.ActiveCfg = Release|Any CPU
		{97D7FA72-3040-4DA6-A7B8-CDC3ABEA045D}.Release|Any CPU.Build.0 = Release|Any CPU
		{4910D745-7BC6-4435-8BA7-BFF071601788}.Debug|Any CPU.ActiveCfg = Debug|Any CPU
		{4910D745-7BC6-4435-8BA7-BFF071601788}.Debug|Any CPU.Build.0 = Debug|Any CPU
		{4910D745-7BC6-4435-8BA7-BFF071601788}.Release|Any CPU.ActiveCfg = Release|Any CPU
		{4910D745-7BC6-4435-8BA7-BFF071601788}.Release|Any CPU.Build.0 = Release|Any CPU
	EndGlobalSection
	GlobalSection(SolutionProperties) = preSolution
		HideSolutionNode = FALSE
	EndGlobalSection
	GlobalSection(NestedProjects) = preSolution
		{E393ECB0-2F87-455A-A97C-6279D8D9E747} = {B3FC61B6-9D80-4826-9753-4ACBFBFCD3EE}
		{3B4DE02C-5A80-43B3-9774-861EBEEF1FA7} = {B3FC61B6-9D80-4826-9753-4ACBFBFCD3EE}
		{FE02FEAE-4C1D-4838-B5C9-0BAB164F4308} = {B3FC61B6-9D80-4826-9753-4ACBFBFCD3EE}
		{97D7FA72-3040-4DA6-A7B8-CDC3ABEA045D} = {B3FC61B6-9D80-4826-9753-4ACBFBFCD3EE}
		{4910D745-7BC6-4435-8BA7-BFF071601788} = {B3FC61B6-9D80-4826-9753-4ACBFBFCD3EE}
	EndGlobalSection
	GlobalSection(ExtensibilityGlobals) = postSolution
		SolutionGuid = {5268E0C8-D997-4769-B3C2-B94720478C7E}
	EndGlobalSection
EndGlobal
